
Microsoft Visual Studio Solution File, Format Version 12.00
# Visual Studio Version 16
VisualStudioVersion = 16.0.29728.190
MinimumVisualStudioVersion = 10.0.40219.1
Project("{FAE04EC0-301F-11D3-BF4B-00C04F79EFBC}") = "csharp", "csharp.csproj", "{BFAC630C-B88F-41F4-9F84-353BAC789658}"
EndProject
Project("{2150E333-8FDC-42A3-9474-1A3956D46DE8}") = "CsharpStarter", "CsharpStarter", "{998F2419-DBC2-4B73-A600-A5EC92C860C4}"
EndProject
Project("{2150E333-8FDC-42A3-9474-1A3956D46DE8}") = "3.переменные и типы данных", "3.переменные и типы данных", "{2E3FB94B-D96D-466C-9EB1-741F7213A76E}"
EndProject
Project("{FAE04EC0-301F-11D3-BF4B-00C04F79EFBC}") = "starter_l3_task3", "starter_l3_task3\starter_l3_task3.csproj", "{15A477C6-5680-4335-8659-F2F48CF68587}"
EndProject
Project("{FAE04EC0-301F-11D3-BF4B-00C04F79EFBC}") = "starter_l3_task4", "starter_l3_task4\starter_l3_task4.csproj", "{9B120683-AD3F-414C-9C44-2B6FAD47A5D2}"
EndProject
Project("{2150E333-8FDC-42A3-9474-1A3956D46DE8}") = "4.условные конструкции", "4.условные конструкции", "{50F244B9-A7C0-490E-8DA1-7E9A0AC43212}"
EndProject
Project("{FAE04EC0-301F-11D3-BF4B-00C04F79EFBC}") = "starter_l4_task1", "starter_l4_task1\starter_l4_task1.csproj", "{04354E1E-1221-4EDA-B481-09B3198D23D1}"
EndProject
Project("{FAE04EC0-301F-11D3-BF4B-00C04F79EFBC}") = "starter_l4_task2", "starter_l4_task2\starter_l4_task2.csproj", "{221C3720-288D-4DEF-B726-C2AB40DB0822}"
EndProject
Project("{2150E333-8FDC-42A3-9474-1A3956D46DE8}") = "6.циклические конструкции", "6.циклические конструкции", "{00DD16D8-94D6-4F1E-ACB1-5B69D5610A40}"
EndProject
Project("{FAE04EC0-301F-11D3-BF4B-00C04F79EFBC}") = "starter_l6_doptask", "starter_l6_doptask\starter_l6_doptask.csproj", "{35628FBE-EC18-4A21-8DD8-1C9D1FCA1CB0}"
EndProject
Project("{FAE04EC0-301F-11D3-BF4B-00C04F79EFBC}") = "starter_l6_taks2", "starter_l6_taks2\starter_l6_taks2.csproj", "{2E2BB7C5-2296-4A3D-A0A8-3D304A97E0AE}"
EndProject
Project("{FAE04EC0-301F-11D3-BF4B-00C04F79EFBC}") = "starter_l6_task3", "starter_l6_task3\starter_l6_task3.csproj", "{1D0E2F2C-D687-4251-9261-99C1433B853D}"
EndProject
Project("{FAE04EC0-301F-11D3-BF4B-00C04F79EFBC}") = "starter_l6_task4", "starter_l6_task4\starter_l6_task4.csproj", "{CB5E5E8F-CE5C-4F6C-8BB6-4462922C8C9A}"
EndProject
Global
	GlobalSection(SolutionConfigurationPlatforms) = preSolution
		Debug|Any CPU = Debug|Any CPU
		Release|Any CPU = Release|Any CPU
	EndGlobalSection
	GlobalSection(ProjectConfigurationPlatforms) = postSolution
		{BFAC630C-B88F-41F4-9F84-353BAC789658}.Debug|Any CPU.ActiveCfg = Debug|Any CPU
		{BFAC630C-B88F-41F4-9F84-353BAC789658}.Debug|Any CPU.Build.0 = Debug|Any CPU
		{BFAC630C-B88F-41F4-9F84-353BAC789658}.Release|Any CPU.ActiveCfg = Release|Any CPU
		{BFAC630C-B88F-41F4-9F84-353BAC789658}.Release|Any CPU.Build.0 = Release|Any CPU
		{15A477C6-5680-4335-8659-F2F48CF68587}.Debug|Any CPU.ActiveCfg = Debug|Any CPU
		{15A477C6-5680-4335-8659-F2F48CF68587}.Debug|Any CPU.Build.0 = Debug|Any CPU
		{15A477C6-5680-4335-8659-F2F48CF68587}.Release|Any CPU.ActiveCfg = Release|Any CPU
		{15A477C6-5680-4335-8659-F2F48CF68587}.Release|Any CPU.Build.0 = Release|Any CPU
		{9B120683-AD3F-414C-9C44-2B6FAD47A5D2}.Debug|Any CPU.ActiveCfg = Debug|Any CPU
		{9B120683-AD3F-414C-9C44-2B6FAD47A5D2}.Debug|Any CPU.Build.0 = Debug|Any CPU
		{9B120683-AD3F-414C-9C44-2B6FAD47A5D2}.Release|Any CPU.ActiveCfg = Release|Any CPU
		{9B120683-AD3F-414C-9C44-2B6FAD47A5D2}.Release|Any CPU.Build.0 = Release|Any CPU
		{04354E1E-1221-4EDA-B481-09B3198D23D1}.Debug|Any CPU.ActiveCfg = Debug|Any CPU
		{04354E1E-1221-4EDA-B481-09B3198D23D1}.Debug|Any CPU.Build.0 = Debug|Any CPU
		{04354E1E-1221-4EDA-B481-09B3198D23D1}.Release|Any CPU.ActiveCfg = Release|Any CPU
		{04354E1E-1221-4EDA-B481-09B3198D23D1}.Release|Any CPU.Build.0 = Release|Any CPU
		{221C3720-288D-4DEF-B726-C2AB40DB0822}.Debug|Any CPU.ActiveCfg = Debug|Any CPU
		{221C3720-288D-4DEF-B726-C2AB40DB0822}.Debug|Any CPU.Build.0 = Debug|Any CPU
		{221C3720-288D-4DEF-B726-C2AB40DB0822}.Release|Any CPU.ActiveCfg = Release|Any CPU
		{221C3720-288D-4DEF-B726-C2AB40DB0822}.Release|Any CPU.Build.0 = Release|Any CPU
		{35628FBE-EC18-4A21-8DD8-1C9D1FCA1CB0}.Debug|Any CPU.ActiveCfg = Debug|Any CPU
		{35628FBE-EC18-4A21-8DD8-1C9D1FCA1CB0}.Debug|Any CPU.Build.0 = Debug|Any CPU
		{35628FBE-EC18-4A21-8DD8-1C9D1FCA1CB0}.Release|Any CPU.ActiveCfg = Release|Any CPU
		{35628FBE-EC18-4A21-8DD8-1C9D1FCA1CB0}.Release|Any CPU.Build.0 = Release|Any CPU
		{2E2BB7C5-2296-4A3D-A0A8-3D304A97E0AE}.Debug|Any CPU.ActiveCfg = Debug|Any CPU
		{2E2BB7C5-2296-4A3D-A0A8-3D304A97E0AE}.Debug|Any CPU.Build.0 = Debug|Any CPU
		{2E2BB7C5-2296-4A3D-A0A8-3D304A97E0AE}.Release|Any CPU.ActiveCfg = Release|Any CPU
		{2E2BB7C5-2296-4A3D-A0A8-3D304A97E0AE}.Release|Any CPU.Build.0 = Release|Any CPU
		{1D0E2F2C-D687-4251-9261-99C1433B853D}.Debug|Any CPU.ActiveCfg = Debug|Any CPU
		{1D0E2F2C-D687-4251-9261-99C1433B853D}.Debug|Any CPU.Build.0 = Debug|Any CPU
		{1D0E2F2C-D687-4251-9261-99C1433B853D}.Release|Any CPU.ActiveCfg = Release|Any CPU
		{1D0E2F2C-D687-4251-9261-99C1433B853D}.Release|Any CPU.Build.0 = Release|Any CPU
		{CB5E5E8F-CE5C-4F6C-8BB6-4462922C8C9A}.Debug|Any CPU.ActiveCfg = Debug|Any CPU
		{CB5E5E8F-CE5C-4F6C-8BB6-4462922C8C9A}.Debug|Any CPU.Build.0 = Debug|Any CPU
		{CB5E5E8F-CE5C-4F6C-8BB6-4462922C8C9A}.Release|Any CPU.ActiveCfg = Release|Any CPU
		{CB5E5E8F-CE5C-4F6C-8BB6-4462922C8C9A}.Release|Any CPU.Build.0 = Release|Any CPU
	EndGlobalSection
	GlobalSection(SolutionProperties) = preSolution
		HideSolutionNode = FALSE
	EndGlobalSection
	GlobalSection(NestedProjects) = preSolution
		{2E3FB94B-D96D-466C-9EB1-741F7213A76E} = {998F2419-DBC2-4B73-A600-A5EC92C860C4}
		{15A477C6-5680-4335-8659-F2F48CF68587} = {2E3FB94B-D96D-466C-9EB1-741F7213A76E}
		{9B120683-AD3F-414C-9C44-2B6FAD47A5D2} = {2E3FB94B-D96D-466C-9EB1-741F7213A76E}
		{50F244B9-A7C0-490E-8DA1-7E9A0AC43212} = {998F2419-DBC2-4B73-A600-A5EC92C860C4}
		{04354E1E-1221-4EDA-B481-09B3198D23D1} = {50F244B9-A7C0-490E-8DA1-7E9A0AC43212}
		{221C3720-288D-4DEF-B726-C2AB40DB0822} = {50F244B9-A7C0-490E-8DA1-7E9A0AC43212}
		{00DD16D8-94D6-4F1E-ACB1-5B69D5610A40} = {998F2419-DBC2-4B73-A600-A5EC92C860C4}
		{35628FBE-EC18-4A21-8DD8-1C9D1FCA1CB0} = {00DD16D8-94D6-4F1E-ACB1-5B69D5610A40}
		{2E2BB7C5-2296-4A3D-A0A8-3D304A97E0AE} = {00DD16D8-94D6-4F1E-ACB1-5B69D5610A40}
		{1D0E2F2C-D687-4251-9261-99C1433B853D} = {00DD16D8-94D6-4F1E-ACB1-5B69D5610A40}
		{CB5E5E8F-CE5C-4F6C-8BB6-4462922C8C9A} = {00DD16D8-94D6-4F1E-ACB1-5B69D5610A40}
	EndGlobalSection
	GlobalSection(ExtensibilityGlobals) = postSolution
		SolutionGuid = {F66A3149-66E0-41BD-B59C-77AA52C0AAB1}
	EndGlobalSection
EndGlobal
